# THIS IS AN AUTOGENERATED FILE. DO NOT EDIT THIS FILE DIRECTLY.
# yarn lockfile v1


"@openzeppelin/contracts-upgradeable@4.5.2":
  version "4.5.2"
  resolved "https://registry.yarnpkg.com/@openzeppelin/contracts-upgradeable/-/contracts-upgradeable-4.5.2.tgz#90d9e47bacfd8693bfad0ac8a394645575528d05"
  integrity sha512-xgWZYaPlrEOQo3cBj97Ufiuv79SPd8Brh4GcFYhPgb6WvAq4ppz8dWKL6h+jLAK01rUqMRp/TS9AdXgAeNvCLA==

"@openzeppelin/contracts@4.5.0":
  version "4.5.0"
  resolved "https://registry.yarnpkg.com/@openzeppelin/contracts/-/contracts-4.5.0.tgz#3fd75d57de172b3743cdfc1206883f56430409cc"
  integrity sha512-fdkzKPYMjrRiPK6K4y64e6GzULR7R7RwxSigHS8DDp7aWDeoReqsQI+cxHV1UuhAqX69L1lAaWDxenfP+xiqzA==
